
Microsoft Visual Studio Solution File, Format Version 12.00
# Visual Studio Version 17
VisualStudioVersion = 17.14.36511.14
MinimumVisualStudioVersion = 10.0.40219.1
Project("{FAE04EC0-301F-11D3-BF4B-00C04F79EFBC}") = "WpfAppCalculater", "WpfAppCalculater\WpfAppCalculater.csproj", "{95458A36-4879-451D-8039-B849E68081F5}"
EndProject
Project("{FAE04EC0-301F-11D3-BF4B-00C04F79EFBC}") = "ClassLibraryCalculater", "ClassLibraryCalculater\ClassLibraryCalculater.csproj", "{A6066217-DC57-4EC5-A067-A36F999931F6}"
EndProject
Project("{FAE04EC0-301F-11D3-BF4B-00C04F79EFBC}") = "TestProjectCalculater", "TestProjectCalculater\TestProjectCalculater.csproj", "{00F81CDB-D621-40EC-A172-873C949FE531}"
EndProject
Global
	GlobalSection(SolutionConfigurationPlatforms) = preSolution
		Debug|Any CPU = Debug|Any CPU
		Release|Any CPU = Release|Any CPU
	EndGlobalSection
	GlobalSection(ProjectConfigurationPlatforms) = postSolution
		{95458A36-4879-451D-8039-B849E68081F5}.Debug|Any CPU.ActiveCfg = Debug|Any CPU
		{95458A36-4879-451D-8039-B849E68081F5}.Debug|Any CPU.Build.0 = Debug|Any CPU
		{95458A36-4879-451D-8039-B849E68081F5}.Release|Any CPU.ActiveCfg = Release|Any CPU
		{95458A36-4879-451D-8039-B849E68081F5}.Release|Any CPU.Build.0 = Release|Any CPU
		{A6066217-DC57-4EC5-A067-A36F999931F6}.Debug|Any CPU.ActiveCfg = Debug|Any CPU
		{A6066217-DC57-4EC5-A067-A36F999931F6}.Debug|Any CPU.Build.0 = Debug|Any CPU
		{A6066217-DC57-4EC5-A067-A36F999931F6}.Release|Any CPU.ActiveCfg = Release|Any CPU
		{A6066217-DC57-4EC5-A067-A36F999931F6}.Release|Any CPU.Build.0 = Release|Any CPU
		{00F81CDB-D621-40EC-A172-873C949FE531}.Debug|Any CPU.ActiveCfg = Debug|Any CPU
		{00F81CDB-D621-40EC-A172-873C949FE531}.Debug|Any CPU.Build.0 = Debug|Any CPU
		{00F81CDB-D621-40EC-A172-873C949FE531}.Release|Any CPU.ActiveCfg = Release|Any CPU
		{00F81CDB-D621-40EC-A172-873C949FE531}.Release|Any CPU.Build.0 = Release|Any CPU
	EndGlobalSection
	GlobalSection(SolutionProperties) = preSolution
		HideSolutionNode = FALSE
	EndGlobalSection
	GlobalSection(ExtensibilityGlobals) = postSolution
		SolutionGuid = {D5056E19-5615-411E-89C2-DE6F7C670376}
	EndGlobalSection
EndGlobal
